
Microsoft Visual Studio Solution File, Format Version 12.00
# Visual Studio Version 17
VisualStudioVersion = 17.0.32112.339
MinimumVisualStudioVersion = 10.0.40219.1
Project("{FAE04EC0-301F-11D3-BF4B-00C04F79EFBC}") = "Zensar.casestudy.day1", "Zensar.casestudy.day1\Zensar.casestudy.day1.csproj", "{77B6A5DA-6389-4392-BB01-C23B0560E668}"
EndProject
Global
	GlobalSection(SolutionConfigurationPlatforms) = preSolution
		Debug|Any CPU = Debug|Any CPU
		Release|Any CPU = Release|Any CPU
	EndGlobalSection
	GlobalSection(ProjectConfigurationPlatforms) = postSolution
		{77B6A5DA-6389-4392-BB01-C23B0560E668}.Debug|Any CPU.ActiveCfg = Debug|Any CPU
		{77B6A5DA-6389-4392-BB01-C23B0560E668}.Debug|Any CPU.Build.0 = Debug|Any CPU
		{77B6A5DA-6389-4392-BB01-C23B0560E668}.Release|Any CPU.ActiveCfg = Release|Any CPU
		{77B6A5DA-6389-4392-BB01-C23B0560E668}.Release|Any CPU.Build.0 = Release|Any CPU
	EndGlobalSection
	GlobalSection(SolutionProperties) = preSolution
		HideSolutionNode = FALSE
	EndGlobalSection
	GlobalSection(ExtensibilityGlobals) = postSolution
		SolutionGuid = {3BB27466-E696-4CA5-8D0B-64B1A9C09F95}
	EndGlobalSection
EndGlobal
